// !$*UTF8*$!
{
	archiveVersion = 1;
	classes = {
	};
	objectVersion = 77;
	objects = {

/* Begin PBXBuildFile section */
		EF31723F2F8411C400A34884 /* ShareCodeSheet.swift in Sources */ = {isa = PBXBuildFile; fileRef = EF31723E2F8411C400A34884 /* ShareCodeSheet.swift */; };
		EF56D6922F7F114E00552E8F /* BarcodeScannerView.swift in Sources */ = {isa = PBXBuildFile; fileRef = EF56D6912F7F114E00552E8F /* BarcodeScannerView.swift */; };
		EF56D6942F7F12E200552E8F /* CloudKitService.swift in Sources */ = {isa = PBXBuildFile; fileRef = EF56D6932F7F12E200552E8F /* CloudKitService.swift */; };
		EF56D6962F7F12F300552E8F /* OpenFoodFactsService.swift in Sources */ = {isa = PBXBuildFile; fileRef = EF56D6952F7F12F300552E8F /* OpenFoodFactsService.swift */; };
		EF70CC612F76C71A0078DCB9 /* StorePalApp.swift in Sources */ = {isa = PBXBuildFile; fileRef = EF70CC532F76C71A0078DCB9 /* StorePalApp.swift */; };
		EF70CC622F76C71A0078DCB9 /* StoreViewModel.swift in Sources */ = {isa = PBXBuildFile; fileRef = EF70CC5B2F76C71A0078DCB9 /* StoreViewModel.swift */; };
		EF70CC632F76C71A0078DCB9 /* LocationService.swift in Sources */ = {isa = PBXBuildFile; fileRef = EF70CC572F76C71A0078DCB9 /* LocationService.swift */; };
		EF70CC642F76C71A0078DCB9 /* HomeView.swift in Sources */ = {isa = PBXBuildFile; fileRef = EF70CC5D2F76C71A0078DCB9 /* HomeView.swift */; };
		EF70CC652F76C71A0078DCB9 /* NotificationService.swift in Sources */ = {isa = PBXBuildFile; fileRef = EF70CC582F76C71A0078DCB9 /* NotificationService.swift */; };
		EF70CC662F76C71A0078DCB9 /* GroceryStore.swift in Sources */ = {isa = PBXBuildFile; fileRef = EF70CC552F76C71A0078DCB9 /* GroceryStore.swift */; };
		EF70CC672F76C71A0078DCB9 /* SearchView.swift in Sources */ = {isa = PBXBuildFile; fileRef = EF70CC5E2F76C71A0078DCB9 /* SearchView.swift */; };
		EF70CC682F76C71A0078DCB9 /* SettingsSheet.swift in Sources */ = {isa = PBXBuildFile; fileRef = EF70CC5F2F76C71A0078DCB9 /* SettingsSheet.swift */; };
		EF70CC692F76C71A0078DCB9 /* SETUP.md in Resources */ = {isa = PBXBuildFile; fileRef = EF70CC5A2F76C71A0078DCB9 /* SETUP.md */; };
		EF70CC6E2F76FFEB0078DCB9 /* Assets.xcassets in Resources */ = {isa = PBXBuildFile; fileRef = EF70CC6D2F76FFEB0078DCB9 /* Assets.xcassets */; };
		EF70CC702F7B373F0078DCB9 /* GroceryList.swift in Sources */ = {isa = PBXBuildFile; fileRef = EF70CC6F2F7B373F0078DCB9 /* GroceryList.swift */; };
		EF70CC722F7B374F0078DCB9 /* ListViewModel.swift in Sources */ = {isa = PBXBuildFile; fileRef = EF70CC712F7B374F0078DCB9 /* ListViewModel.swift */; };
		EF70CC742F7B374F0078DCB9 /* ListDetailView.swift in Sources */ = {isa = PBXBuildFile; fileRef = EF70CC732F7B374F0078DCB9 /* ListDetailView.swift */; };
/* End PBXBuildFile section */

/* Begin PBXContainerItemProxy section */
		EF70CC1E2F76C63B0078DCB9 /* PBXContainerItemProxy */ = {
			isa = PBXContainerItemProxy;
			containerPortal = EF70CC062F76C63B0078DCB9 /* Project object */;
			proxyType = 1;
			remoteGlobalIDString = EF70CC0D2F76C63B0078DCB9;
			remoteInfo = StorePal;
		};
		EF70CC282F76C63B0078DCB9 /* PBXContainerItemProxy */ = {
			isa = PBXContainerItemProxy;
			containerPortal = EF70CC062F76C63B0078DCB9 /* Project object */;
			proxyType = 1;
			remoteGlobalIDString = EF70CC0D2F76C63B0078DCB9;
			remoteInfo = StorePal;
		};
/* End PBXContainerItemProxy section */

/* Begin PBXFileReference section */
		EF31723E2F8411C400A34884 /* ShareCodeSheet.swift */ = {isa = PBXFileReference; lastKnownFileType = sourcecode.swift; path = ShareCodeSheet.swift; sourceTree = "<group>"; };
		EF56D6912F7F114E00552E8F /* BarcodeScannerView.swift */ = {isa = PBXFileReference; lastKnownFileType = sourcecode.swift; path = BarcodeScannerView.swift; sourceTree = "<group>"; };
		EF56D6932F7F12E200552E8F /* CloudKitService.swift */ = {isa = PBXFileReference; lastKnownFileType = sourcecode.swift; path = CloudKitService.swift; sourceTree = "<group>"; };
		EF56D6952F7F12F300552E8F /* OpenFoodFactsService.swift */ = {isa = PBXFileReference; lastKnownFileType = sourcecode.swift; path = OpenFoodFactsService.swift; sourceTree = "<group>"; };
		EF70CC0E2F76C63B0078DCB9 /* StorePal.app */ = {isa = PBXFileReference; explicitFileType = wrapper.application; includeInIndex = 0; path = StorePal.app; sourceTree = BUILT_PRODUCTS_DIR; };
		EF70CC1D2F76C63B0078DCB9 /* StorePalTests.xctest */ = {isa = PBXFileReference; explicitFileType = wrapper.cfbundle; includeInIndex = 0; path = StorePalTests.xctest; sourceTree = BUILT_PRODUCTS_DIR; };
		EF70CC272F76C63B0078DCB9 /* StorePalUITests.xctest */ = {isa = PBXFileReference; explicitFileType = wrapper.cfbundle; includeInIndex = 0; path = StorePalUITests.xctest; sourceTree = BUILT_PRODUCTS_DIR; };
		EF70CC532F76C71A0078DCB9 /* StorePalApp.swift */ = {isa = PBXFileReference; lastKnownFileType = sourcecode.swift; path = StorePalApp.swift; sourceTree = "<group>"; };
		EF70CC552F76C71A0078DCB9 /* GroceryStore.swift */ = {isa = PBXFileReference; lastKnownFileType = sourcecode.swift; path = GroceryStore.swift; sourceTree = "<group>"; };
		EF70CC572F76C71A0078DCB9 /* LocationService.swift */ = {isa = PBXFileReference; lastKnownFileType = sourcecode.swift; path = LocationService.swift; sourceTree = "<group>"; };
		EF70CC582F76C71A0078DCB9 /* NotificationService.swift */ = {isa = PBXFileReference; lastKnownFileType = sourcecode.swift; path = NotificationService.swift; sourceTree = "<group>"; };
		EF70CC5A2F76C71A0078DCB9 /* SETUP.md */ = {isa = PBXFileReference; lastKnownFileType = net.daringfireball.markdown; path = SETUP.md; sourceTree = "<group>"; };
		EF70CC5B2F76C71A0078DCB9 /* StoreViewModel.swift */ = {isa = PBXFileReference; lastKnownFileType = sourcecode.swift; path = StoreViewModel.swift; sourceTree = "<group>"; };
		EF70CC5D2F76C71A0078DCB9 /* HomeView.swift */ = {isa = PBXFileReference; lastKnownFileType = sourcecode.swift; path = HomeView.swift; sourceTree = "<group>"; };
		EF70CC5E2F76C71A0078DCB9 /* SearchView.swift */ = {isa = PBXFileReference; lastKnownFileType = sourcecode.swift; path = SearchView.swift; sourceTree = "<group>"; };
		EF70CC5F2F76C71A0078DCB9 /* SettingsSheet.swift */ = {isa = PBXFileReference; lastKnownFileType = sourcecode.swift; path = SettingsSheet.swift; sourceTree = "<group>"; };
		EF70CC6A2F76DB530078DCB9 /* Info.plist */ = {isa = PBXFileReference; lastKnownFileType = text.plist; name = Info.plist; path = StorePal/Info.plist; sourceTree = "<group>"; };
		EF70CC6D2F76FFEB0078DCB9 /* Assets.xcassets */ = {isa = PBXFileReference; lastKnownFileType = folder.assetcatalog; path = Assets.xcassets; sourceTree = "<group>"; };
		EF70CC6F2F7B373F0078DCB9 /* GroceryList.swift */ = {isa = PBXFileReference; lastKnownFileType = sourcecode.swift; path = GroceryList.swift; sourceTree = "<group>"; };
		EF70CC712F7B374F0078DCB9 /* ListViewModel.swift */ = {isa = PBXFileReference; lastKnownFileType = sourcecode.swift; path = ListViewModel.swift; sourceTree = "<group>"; };
		EF70CC732F7B374F0078DCB9 /* ListDetailView.swift */ = {isa = PBXFileReference; lastKnownFileType = sourcecode.swift; path = ListDetailView.swift; sourceTree = "<group>"; };
		EFA057822F7DC68C007BD972 /* StorePal.entitlements */ = {isa = PBXFileReference; lastKnownFileType = text.plist.entitlements; name = StorePal.entitlements; path = StorePal/StorePal.entitlements; sourceTree = "<group>"; };
/* End PBXFileReference section */

/* Begin PBXFrameworksBuildPhase section */
		EF70CC0B2F76C63B0078DCB9 /* Frameworks */ = {
			isa = PBXFrameworksBuildPhase;
			buildActionMask = 2147483647;
			files = (
			);
			runOnlyForDeploymentPostprocessing = 0;
		};
		EF70CC1A2F76C63B0078DCB9 /* Frameworks */ = {
			isa = PBXFrameworksBuildPhase;
			buildActionMask = 2147483647;
			files = (
			);
			runOnlyForDeploymentPostprocessing = 0;
		};
		EF70CC242F76C63B0078DCB9 /* Frameworks */ = {
			isa = PBXFrameworksBuildPhase;
			buildActionMask = 2147483647;
			files = (
			);
			runOnlyForDeploymentPostprocessing = 0;
		};
/* End PBXFrameworksBuildPhase section */

/* Begin PBXGroup section */
		EF70CC052F76C63B0078DCB9 = {
			isa = PBXGroup;
			children = (
				EFA057822F7DC68C007BD972 /* StorePal.entitlements */,
				EF70CC6D2F76FFEB0078DCB9 /* Assets.xcassets */,
				EF70CC6A2F76DB530078DCB9 /* Info.plist */,
				EF70CC0F2F76C63B0078DCB9 /* Products */,
				EF70CC542F76C71A0078DCB9 /* App */,
				EF70CC562F76C71A0078DCB9 /* Models */,
				EF70CC592F76C71A0078DCB9 /* Services */,
				EF70CC5A2F76C71A0078DCB9 /* SETUP.md */,
				EF70CC5C2F76C71A0078DCB9 /* ViewModels */,
				EF70CC602F76C71A0078DCB9 /* Views */,
			);
			sourceTree = "<group>";
		};
		EF70CC0F2F76C63B0078DCB9 /* Products */ = {
			isa = PBXGroup;
			children = (
				EF70CC0E2F76C63B0078DCB9 /* StorePal.app */,
				EF70CC1D2F76C63B0078DCB9 /* StorePalTests.xctest */,
				EF70CC272F76C63B0078DCB9 /* StorePalUITests.xctest */,
			);
			name = Products;
			sourceTree = "<group>";
		};
		EF70CC542F76C71A0078DCB9 /* App */ = {
			isa = PBXGroup;
			children = (
				EF70CC532F76C71A0078DCB9 /* StorePalApp.swift */,
			);
			path = App;
			sourceTree = "<group>";
		};
		EF70CC562F76C71A0078DCB9 /* Models */ = {
			isa = PBXGroup;
			children = (
				EF70CC552F76C71A0078DCB9 /* GroceryStore.swift */,
				EF70CC6F2F7B373F0078DCB9 /* GroceryList.swift */,
			);
			path = Models;
			sourceTree = "<group>";
		};
		EF70CC592F76C71A0078DCB9 /* Services */ = {
			isa = PBXGroup;
			children = (
				EF70CC572F76C71A0078DCB9 /* LocationService.swift */,
				EF70CC582F76C71A0078DCB9 /* NotificationService.swift */,
				EF56D6932F7F12E200552E8F /* CloudKitService.swift */,
				EF56D6952F7F12F300552E8F /* OpenFoodFactsService.swift */,
			);
			path = Services;
			sourceTree = "<group>";
		};
		EF70CC5C2F76C71A0078DCB9 /* ViewModels */ = {
			isa = PBXGroup;
			children = (
				EF70CC5B2F76C71A0078DCB9 /* StoreViewModel.swift */,
				EF70CC712F7B374F0078DCB9 /* ListViewModel.swift */,
			);
			path = ViewModels;
			sourceTree = "<group>";
		};
		EF70CC602F76C71A0078DCB9 /* Views */ = {
			isa = PBXGroup;
			children = (
				EF70CC5D2F76C71A0078DCB9 /* HomeView.swift */,
				EF70CC5E2F76C71A0078DCB9 /* SearchView.swift */,
				EF70CC5F2F76C71A0078DCB9 /* SettingsSheet.swift */,
				EF70CC732F7B374F0078DCB9 /* ListDetailView.swift */,
				EF56D6912F7F114E00552E8F /* BarcodeScannerView.swift */,
				EF31723E2F8411C400A34884 /* ShareCodeSheet.swift */,
			);
			path = Views;
			sourceTree = "<group>";
		};
/* End PBXGroup section */

/* Begin PBXNativeTarget section */
		EF70CC0D2F76C63B0078DCB9 /* StorePal */ = {
			isa = PBXNativeTarget;
			buildConfigurationList = EF70CC312F76C63B0078DCB9 /* Build configuration list for PBXNativeTarget "StorePal" */;
			buildPhases = (
				EF70CC0A2F76C63B0078DCB9 /* Sources */,
				EF70CC0B2F76C63B0078DCB9 /* Frameworks */,
				EF70CC0C2F76C63B0078DCB9 /* Resources */,
			);
			buildRules = (
			);
			dependencies = (
			);
			name = StorePal;
			packageProductDependencies = (
			);
			productName = StorePal;
			productReference = EF70CC0E2F76C63B0078DCB9 /* StorePal.app */;
			productType = "com.apple.product-type.application";
		};
		EF70CC1C2F76C63B0078DCB9 /* StorePalTests */ = {
			isa = PBXNativeTarget;
			buildConfigurationList = EF70CC342F76C63B0078DCB9 /* Build configuration list for PBXNativeTarget "StorePalTests" */;
			buildPhases = (
				EF70CC192F76C63B0078DCB9 /* Sources */,
				EF70CC1A2F76C63B0078DCB9 /* Frameworks */,
				EF70CC1B2F76C63B0078DCB9 /* Resources */,
			);
			buildRules = (
			);
			dependencies = (
				EF70CC1F2F76C63B0078DCB9 /* PBXTargetDependency */,
			);
			name = StorePalTests;
			packageProductDependencies = (
			);
			productName = StorePalTests;
			productReference = EF70CC1D2F76C63B0078DCB9 /* StorePalTests.xctest */;
			productType = "com.apple.product-type.bundle.unit-test";
		};
		EF70CC262F76C63B0078DCB9 /* StorePalUITests */ = {
			isa = PBXNativeTarget;
			buildConfigurationList = EF70CC372F76C63B0078DCB9 /* Build configuration list for PBXNativeTarget "StorePalUITests" */;
			buildPhases = (
				EF70CC232F76C63B0078DCB9 /* Sources */,
				EF70CC242F76C63B0078DCB9 /* Frameworks */,
				EF70CC252F76C63B0078DCB9 /* Resources */,
			);
			buildRules = (
			);
			dependencies = (
				EF70CC292F76C63B0078DCB9 /* PBXTargetDependency */,
			);
			name = StorePalUITests;
			packageProductDependencies = (
			);
			productName = StorePalUITests;
			productReference = EF70CC272F76C63B0078DCB9 /* StorePalUITests.xctest */;
			productType = "com.apple.product-type.bundle.ui-testing";
		};
/* End PBXNativeTarget section */

/* Begin PBXProject section */
		EF70CC062F76C63B0078DCB9 /* Project object */ = {
			isa = PBXProject;
			attributes = {
				BuildIndependentTargetsInParallel = 1;
				LastSwiftUpdateCheck = 2630;
				LastUpgradeCheck = 2630;
				TargetAttributes = {
					EF70CC0D2F76C63B0078DCB9 = {
						CreatedOnToolsVersion = 26.3;
					};
					EF70CC1C2F76C63B0078DCB9 = {
						CreatedOnToolsVersion = 26.3;
						TestTargetID = EF70CC0D2F76C63B0078DCB9;
					};
					EF70CC262F76C63B0078DCB9 = {
						CreatedOnToolsVersion = 26.3;
						TestTargetID = EF70CC0D2F76C63B0078DCB9;
					};
				};
			};
			buildConfigurationList = EF70CC092F76C63B0078DCB9 /* Build configuration list for PBXProject "StorePal" */;
			developmentRegion = en;
			hasScannedForEncodings = 0;
			knownRegions = (
				en,
				Base,
			);
			mainGroup = EF70CC052F76C63B0078DCB9;
			minimizedProjectReferenceProxies = 1;
			preferredProjectObjectVersion = 77;
			productRefGroup = EF70CC0F2F76C63B0078DCB9 /* Products */;
			projectDirPath = "";
			projectRoot = "";
			targets = (
				EF70CC0D2F76C63B0078DCB9 /* StorePal */,
				EF70CC1C2F76C63B0078DCB9 /* StorePalTests */,
				EF70CC262F76C63B0078DCB9 /* StorePalUITests */,
			);
		};
/* End PBXProject section */

/* Begin PBXResourcesBuildPhase section */
		EF70CC0C2F76C63B0078DCB9 /* Resources */ = {
			isa = PBXResourcesBuildPhase;
			buildActionMask = 2147483647;
			files = (
				EF70CC6E2F76FFEB0078DCB9 /* Assets.xcassets in Resources */,
				EF70CC692F76C71A0078DCB9 /* SETUP.md in Resources */,
			);
			runOnlyForDeploymentPostprocessing = 0;
		};
		EF70CC1B2F76C63B0078DCB9 /* Resources */ = {
			isa = PBXResourcesBuildPhase;
			buildActionMask = 2147483647;
			files = (
			);
			runOnlyForDeploymentPostprocessing = 0;
		};
		EF70CC252F76C63B0078DCB9 /* Resources */ = {
			isa = PBXResourcesBuildPhase;
			buildActionMask = 2147483647;
			files = (
			);
			runOnlyForDeploymentPostprocessing = 0;
		};
/* End PBXResourcesBuildPhase section */

/* Begin PBXSourcesBuildPhase section */
		EF70CC0A2F76C63B0078DCB9 /* Sources */ = {
			isa = PBXSourcesBuildPhase;
			buildActionMask = 2147483647;
			files = (
				EF56D6922F7F114E00552E8F /* BarcodeScannerView.swift in Sources */,
				EF70CC612F76C71A0078DCB9 /* StorePalApp.swift in Sources */,
				EF70CC702F7B373F0078DCB9 /* GroceryList.swift in Sources */,
				EF31723F2F8411C400A34884 /* ShareCodeSheet.swift in Sources */,
				EF70CC722F7B374F0078DCB9 /* ListViewModel.swift in Sources */,
				EF70CC742F7B374F0078DCB9 /* ListDetailView.swift in Sources */,
				EF70CC622F76C71A0078DCB9 /* StoreViewModel.swift in Sources */,
				EF56D6942F7F12E200552E8F /* CloudKitService.swift in Sources */,
				EF70CC632F76C71A0078DCB9 /* LocationService.swift in Sources */,
				EF70CC642F76C71A0078DCB9 /* HomeView.swift in Sources */,
				EF70CC652F76C71A0078DCB9 /* NotificationService.swift in Sources */,
				EF70CC662F76C71A0078DCB9 /* GroceryStore.swift in Sources */,
				EF56D6962F7F12F300552E8F /* OpenFoodFactsService.swift in Sources */,
				EF70CC672F76C71A0078DCB9 /* SearchView.swift in Sources */,
				EF70CC682F76C71A0078DCB9 /* SettingsSheet.swift in Sources */,
			);
			runOnlyForDeploymentPostprocessing = 0;
		};
		EF70CC192F76C63B0078DCB9 /* Sources */ = {
			isa = PBXSourcesBuildPhase;
			buildActionMask = 2147483647;
			files = (
			);
			runOnlyForDeploymentPostprocessing = 0;
		};
		EF70CC232F76C63B0078DCB9 /* Sources */ = {
			isa = PBXSourcesBuildPhase;
			buildActionMask = 2147483647;
			files = (
			);
			runOnlyForDeploymentPostprocessing = 0;
		};
/* End PBXSourcesBuildPhase section */

/* Begin PBXTargetDependency section */
		EF70CC1F2F76C63B0078DCB9 /* PBXTargetDependency */ = {
			isa = PBXTargetDependency;
			target = EF70CC0D2F76C63B0078DCB9 /* StorePal */;
			targetProxy = EF70CC1E2F76C63B0078DCB9 /* PBXContainerItemProxy */;
		};
		EF70CC292F76C63B0078DCB9 /* PBXTargetDependency */ = {
			isa = PBXTargetDependency;
			target = EF70CC0D2F76C63B0078DCB9 /* StorePal */;
			targetProxy = EF70CC282F76C63B0078DCB9 /* PBXContainerItemProxy */;
		};
/* End PBXTargetDependency section */

/* Begin XCBuildConfiguration section */
		EF70CC2F2F76C63B0078DCB9 /* Debug */ = {
			isa = XCBuildConfiguration;
			buildSettings = {
				ALWAYS_SEARCH_USER_PATHS = NO;
				ASSETCATALOG_COMPILER_GENERATE_SWIFT_ASSET_SYMBOL_EXTENSIONS = YES;
				CLANG_ANALYZER_NONNULL = YES;
				CLANG_ANALYZER_NUMBER_OBJECT_CONVERSION = YES_AGGRESSIVE;
				CLANG_CXX_LANGUAGE_STANDARD = "gnu++20";
				CLANG_ENABLE_MODULES = YES;
				CLANG_ENABLE_OBJC_ARC = YES;
				CLANG_ENABLE_OBJC_WEAK = YES;
				CLANG_WARN_BLOCK_CAPTURE_AUTORELEASING = YES;
				CLANG_WARN_BOOL_CONVERSION = YES;
				CLANG_WARN_COMMA = YES;
				CLANG_WARN_CONSTANT_CONVERSION = YES;
				CLANG_WARN_DEPRECATED_OBJC_IMPLEMENTATIONS = YES;
				CLANG_WARN_DIRECT_OBJC_ISA_USAGE = YES_ERROR;
				CLANG_WARN_DOCUMENTATION_COMMENTS = YES;
				CLANG_WARN_EMPTY_BODY = YES;
				CLANG_WARN_ENUM_CONVERSION = YES;
				CLANG_WARN_INFINITE_RECURSION = YES;
				CLANG_WARN_INT_CONVERSION = YES;
				CLANG_WARN_NON_LITERAL_NULL_CONVERSION = YES;
				CLANG_WARN_OBJC_IMPLICIT_RETAIN_SELF = YES;
				CLANG_WARN_OBJC_LITERAL_CONVERSION = YES;
				CLANG_WARN_OBJC_ROOT_CLASS = YES_ERROR;
				CLANG_WARN_QUOTED_INCLUDE_IN_FRAMEWORK_HEADER = YES;
				CLANG_WARN_RANGE_LOOP_ANALYSIS = YES;
				CLANG_WARN_STRICT_PROTOTYPES = YES;
				CLANG_WARN_SUSPICIOUS_MOVE = YES;
				CLANG_WARN_UNGUARDED_AVAILABILITY = YES_AGGRESSIVE;
				CLANG_WARN_UNREACHABLE_CODE = YES;
				CLANG_WARN__DUPLICATE_METHOD_MATCH = YES;
				COPY_PHASE_STRIP = NO;
				DEBUG_INFORMATION_FORMAT = dwarf;
				ENABLE_STRICT_OBJC_MSGSEND = YES;
				ENABLE_TESTABILITY = YES;
				ENABLE_USER_SCRIPT_SANDBOXING = YES;
				GCC_C_LANGUAGE_STANDARD = gnu17;
				GCC_DYNAMIC_NO_PIC = NO;
				GCC_NO_COMMON_BLOCKS = YES;
				GCC_OPTIMIZATION_LEVEL = 0;
				GCC_PREPROCESSOR_DEFINITIONS = (
					"DEBUG=1",
					"$(inherited)",
				);
				GCC_WARN_64_TO_32_BIT_CONVERSION = YES;
				GCC_WARN_ABOUT_RETURN_TYPE = YES_ERROR;
				GCC_WARN_UNDECLARED_SELECTOR = YES;
				GCC_WARN_UNINITIALIZED_AUTOS = YES_AGGRESSIVE;
				GCC_WARN_UNUSED_FUNCTION = YES;
				GCC_WARN_UNUSED_VARIABLE = YES;
				IPHONEOS_DEPLOYMENT_TARGET = 26.2;
				LOCALIZATION_PREFERS_STRING_CATALOGS = YES;
				MTL_ENABLE_DEBUG_INFO = INCLUDE_SOURCE;
				MTL_FAST_MATH = YES;
				ONLY_ACTIVE_ARCH = YES;
				SDKROOT = iphoneos;
				SWIFT_ACTIVE_COMPILATION_CONDITIONS = "DEBUG $(inherited)";
				SWIFT_OPTIMIZATION_LEVEL = "-Onone";
			};
			name = Debug;
		};
		EF70CC302F76C63B0078DCB9 /* Release */ = {
			isa = XCBuildConfiguration;
			buildSettings = {
				ALWAYS_SEARCH_USER_PATHS = NO;
				ASSETCATALOG_COMPILER_GENERATE_SWIFT_ASSET_SYMBOL_EXTENSIONS = YES;
				CLANG_ANALYZER_NONNULL = YES;
				CLANG_ANALYZER_NUMBER_OBJECT_CONVERSION = YES_AGGRESSIVE;
				CLANG_CXX_LANGUAGE_STANDARD = "gnu++20";
				CLANG_ENABLE_MODULES = YES;
				CLANG_ENABLE_OBJC_ARC = YES;
				CLANG_ENABLE_OBJC_WEAK = YES;
				CLANG_WARN_BLOCK_CAPTURE_AUTORELEASING = YES;
				CLANG_WARN_BOOL_CONVERSION = YES;
				CLANG_WARN_COMMA = YES;
				CLANG_WARN_CONSTANT_CONVERSION = YES;
				CLANG_WARN_DEPRECATED_OBJC_IMPLEMENTATIONS = YES;
				CLANG_WARN_DIRECT_OBJC_ISA_USAGE = YES_ERROR;
				CLANG_WARN_DOCUMENTATION_COMMENTS = YES;
				CLANG_WARN_EMPTY_BODY = YES;
				CLANG_WARN_ENUM_CONVERSION = YES;
				CLANG_WARN_INFINITE_RECURSION = YES;
				CLANG_WARN_INT_CONVERSION = YES;
				CLANG_WARN_NON_LITERAL_NULL_CONVERSION = YES;
				CLANG_WARN_OBJC_IMPLICIT_RETAIN_SELF = YES;
				CLANG_WARN_OBJC_LITERAL_CONVERSION = YES;
				CLANG_WARN_OBJC_ROOT_CLASS = YES_ERROR;
				CLANG_WARN_QUOTED_INCLUDE_IN_FRAMEWORK_HEADER = YES;
				CLANG_WARN_RANGE_LOOP_ANALYSIS = YES;
				CLANG_WARN_STRICT_PROTOTYPES = YES;
				CLANG_WARN_SUSPICIOUS_MOVE = YES;
				CLANG_WARN_UNGUARDED_AVAILABILITY = YES_AGGRESSIVE;
				CLANG_WARN_UNREACHABLE_CODE = YES;
				CLANG_WARN__DUPLICATE_METHOD_MATCH = YES;
				COPY_PHASE_STRIP = NO;
				DEBUG_INFORMATION_FORMAT = "dwarf-with-dsym";
				ENABLE_NS_ASSERTIONS = NO;
				ENABLE_STRICT_OBJC_MSGSEND = YES;
				ENABLE_USER_SCRIPT_SANDBOXING = YES;
				GCC_C_LANGUAGE_STANDARD = gnu17;
				GCC_NO_COMMON_BLOCKS = YES;
				GCC_WARN_64_TO_32_BIT_CONVERSION = YES;
				GCC_WARN_ABOUT_RETURN_TYPE = YES_ERROR;
				GCC_WARN_UNDECLARED_SELECTOR = YES;
				GCC_WARN_UNINITIALIZED_AUTOS = YES_AGGRESSIVE;
				GCC_WARN_UNUSED_FUNCTION = YES;
				GCC_WARN_UNUSED_VARIABLE = YES;
				IPHONEOS_DEPLOYMENT_TARGET = 26.2;
				LOCALIZATION_PREFERS_STRING_CATALOGS = YES;
				MTL_ENABLE_DEBUG_INFO = NO;
				MTL_FAST_MATH = YES;
				SDKROOT = iphoneos;
				SWIFT_COMPILATION_MODE = wholemodule;
				VALIDATE_PRODUCT = YES;
			};
			name = Release;
		};
		EF70CC322F76C63B0078DCB9 /* Debug */ = {
			isa = XCBuildConfiguration;
			buildSettings = {
				ASSETCATALOG_COMPILER_APPICON_NAME = AppIcon;
				ASSETCATALOG_COMPILER_GLOBAL_ACCENT_COLOR_NAME = AccentColor;
				CODE_SIGN_ENTITLEMENTS = StorePal/StorePal.entitlements;
				CODE_SIGN_IDENTITY = "Apple Development";
				CODE_SIGN_STYLE = Automatic;
				CURRENT_PROJECT_VERSION = 1;
				DEVELOPMENT_TEAM = 7CN436JX9N;
				ENABLE_PREVIEWS = YES;
				GENERATE_INFOPLIST_FILE = YES;
				INFOPLIST_FILE = StorePal/Info.plist;
				INFOPLIST_KEY_CFBundleDisplayName = "Store Pal";
				INFOPLIST_KEY_LSApplicationCategoryType = "";
				INFOPLIST_KEY_NSCameraUsageDescription = "StorePal uses your camera to scan product barcodes.";
				INFOPLIST_KEY_NSLocationAlwaysAndWhenInUseUsageDescription = "StorePal needs background location access to alert you when you pass a saved store.";
				INFOPLIST_KEY_NSLocationWhenInUseUsageDescription = "StorePal uses your location to find nearby grocery stores.";
				INFOPLIST_KEY_UIApplicationSceneManifest_Generation = YES;
				INFOPLIST_KEY_UIApplicationSupportsIndirectInputEvents = YES;
				INFOPLIST_KEY_UILaunchScreen_Generation = YES;
				INFOPLIST_KEY_UISupportedInterfaceOrientations_iPad = "UIInterfaceOrientationPortrait UIInterfaceOrientationPortraitUpsideDown UIInterfaceOrientationLandscapeLeft UIInterfaceOrientationLandscapeRight";
				INFOPLIST_KEY_UISupportedInterfaceOrientations_iPhone = "UIInterfaceOrientationPortrait UIInterfaceOrientationLandscapeLeft UIInterfaceOrientationLandscapeRight";
				IPHONEOS_DEPLOYMENT_TARGET = 26.0;
				LD_RUNPATH_SEARCH_PATHS = (
					"$(inherited)",
					"@executable_path/Frameworks",
				);
				MARKETING_VERSION = 1.0;
				PRODUCT_BUNDLE_IDENTIFIER = sparkmine.carlo;
				PRODUCT_NAME = "$(TARGET_NAME)";
				PROVISIONING_PROFILE_SPECIFIER = "";
				STRING_CATALOG_GENERATE_SYMBOLS = YES;
				SWIFT_APPROACHABLE_CONCURRENCY = YES;
				SWIFT_DEFAULT_ACTOR_ISOLATION = MainActor;
				SWIFT_EMIT_LOC_STRINGS = YES;
				SWIFT_UPCOMING_FEATURE_MEMBER_IMPORT_VISIBILITY = YES;
				SWIFT_VERSION = 5.0;
				TARGETED_DEVICE_FAMILY = "1,2";
			};
			name = Debug;
		};
		EF70CC332F76C63B0078DCB9 /* Release */ = {
			isa = XCBuildConfiguration;
			buildSettings = {
				ASSETCATALOG_COMPILER_APPICON_NAME = AppIcon;
				ASSETCATALOG_COMPILER_GLOBAL_ACCENT_COLOR_NAME = AccentColor;
				CODE_SIGN_ENTITLEMENTS = StorePal/StorePal.entitlements;
				CODE_SIGN_IDENTITY = "Apple Development";
				CODE_SIGN_STYLE = Automatic;
				CURRENT_PROJECT_VERSION = 1;
				DEVELOPMENT_TEAM = 7CN436JX9N;
				ENABLE_PREVIEWS = YES;
				GENERATE_INFOPLIST_FILE = YES;
				INFOPLIST_FILE = StorePal/Info.plist;
				INFOPLIST_KEY_CFBundleDisplayName = "Store Pal";
				INFOPLIST_KEY_LSApplicationCategoryType = "";
				INFOPLIST_KEY_NSCameraUsageDescription = "StorePal uses your camera to scan product barcodes.";
				INFOPLIST_KEY_NSLocationAlwaysAndWhenInUseUsageDescription = "StorePal needs background location access to alert you when you pass a saved store.";
				INFOPLIST_KEY_NSLocationWhenInUseUsageDescription = "StorePal uses your location to find nearby grocery stores.";
				INFOPLIST_KEY_UIApplicationSceneManifest_Generation = YES;
				INFOPLIST_KEY_UIApplicationSupportsIndirectInputEvents = YES;
				INFOPLIST_KEY_UILaunchScreen_Generation = YES;
				INFOPLIST_KEY_UISupportedInterfaceOrientations_iPad = "UIInterfaceOrientationPortrait UIInterfaceOrientationPortraitUpsideDown UIInterfaceOrientationLandscapeLeft UIInterfaceOrientationLandscapeRight";
				INFOPLIST_KEY_UISupportedInterfaceOrientations_iPhone = "UIInterfaceOrientationPortrait UIInterfaceOrientationLandscapeLeft UIInterfaceOrientationLandscapeRight";
				IPHONEOS_DEPLOYMENT_TARGET = 26.0;
				LD_RUNPATH_SEARCH_PATHS = (
					"$(inherited)",
					"@executable_path/Frameworks",
				);
				MARKETING_VERSION = 1.0;
				PRODUCT_BUNDLE_IDENTIFIER = sparkmine.carlo;
				PRODUCT_NAME = "$(TARGET_NAME)";
				PROVISIONING_PROFILE_SPECIFIER = "";
				STRING_CATALOG_GENERATE_SYMBOLS = YES;
				SWIFT_APPROACHABLE_CONCURRENCY = YES;
				SWIFT_DEFAULT_ACTOR_ISOLATION = MainActor;
				SWIFT_EMIT_LOC_STRINGS = YES;
				SWIFT_UPCOMING_FEATURE_MEMBER_IMPORT_VISIBILITY = YES;
				SWIFT_VERSION = 5.0;
				TARGETED_DEVICE_FAMILY = "1,2";
			};
			name = Release;
		};
		EF70CC352F76C63B0078DCB9 /* Debug */ = {
			isa = XCBuildConfiguration;
			buildSettings = {
				BUNDLE_LOADER = "$(TEST_HOST)";
				CODE_SIGN_STYLE = Automatic;
				CURRENT_PROJECT_VERSION = 1;
				GENERATE_INFOPLIST_FILE = YES;
				IPHONEOS_DEPLOYMENT_TARGET = 26.2;
				MARKETING_VERSION = 1.0;
				PRODUCT_BUNDLE_IDENTIFIER = SparkMine.StorePalTests;
				PRODUCT_NAME = "$(TARGET_NAME)";
				STRING_CATALOG_GENERATE_SYMBOLS = NO;
				SWIFT_APPROACHABLE_CONCURRENCY = YES;
				SWIFT_EMIT_LOC_STRINGS = NO;
				SWIFT_UPCOMING_FEATURE_MEMBER_IMPORT_VISIBILITY = YES;
				SWIFT_VERSION = 5.0;
				TARGETED_DEVICE_FAMILY = "1,2";
				TEST_HOST = "$(BUILT_PRODUCTS_DIR)/StorePal.app/$(BUNDLE_EXECUTABLE_FOLDER_PATH)/StorePal";
			};
			name = Debug;
		};
		EF70CC362F76C63B0078DCB9 /* Release */ = {
			isa = XCBuildConfiguration;
			buildSettings = {
				BUNDLE_LOADER = "$(TEST_HOST)";
				CODE_SIGN_STYLE = Automatic;
				CURRENT_PROJECT_VERSION = 1;
				GENERATE_INFOPLIST_FILE = YES;
				IPHONEOS_DEPLOYMENT_TARGET = 26.2;
				MARKETING_VERSION = 1.0;
				PRODUCT_BUNDLE_IDENTIFIER = SparkMine.StorePalTests;
				PRODUCT_NAME = "$(TARGET_NAME)";
				STRING_CATALOG_GENERATE_SYMBOLS = NO;
				SWIFT_APPROACHABLE_CONCURRENCY = YES;
				SWIFT_EMIT_LOC_STRINGS = NO;
				SWIFT_UPCOMING_FEATURE_MEMBER_IMPORT_VISIBILITY = YES;
				SWIFT_VERSION = 5.0;
				TARGETED_DEVICE_FAMILY = "1,2";
				TEST_HOST = "$(BUILT_PRODUCTS_DIR)/StorePal.app/$(BUNDLE_EXECUTABLE_FOLDER_PATH)/StorePal";
			};
			name = Release;
		};
		EF70CC382F76C63B0078DCB9 /* Debug */ = {
			isa = XCBuildConfiguration;
			buildSettings = {
				CODE_SIGN_STYLE = Automatic;
				CURRENT_PROJECT_VERSION = 1;
				GENERATE_INFOPLIST_FILE = YES;
				MARKETING_VERSION = 1.0;
				PRODUCT_BUNDLE_IDENTIFIER = SparkMine.StorePalUITests;
				PRODUCT_NAME = "$(TARGET_NAME)";
				STRING_CATALOG_GENERATE_SYMBOLS = NO;
				SWIFT_APPROACHABLE_CONCURRENCY = YES;
				SWIFT_EMIT_LOC_STRINGS = NO;
				SWIFT_UPCOMING_FEATURE_MEMBER_IMPORT_VISIBILITY = YES;
				SWIFT_VERSION = 5.0;
				TARGETED_DEVICE_FAMILY = "1,2";
				TEST_TARGET_NAME = StorePal;
			};
			name = Debug;
		};
		EF70CC392F76C63B0078DCB9 /* Release */ = {
			isa = XCBuildConfiguration;
			buildSettings = {
				CODE_SIGN_STYLE = Automatic;
				CURRENT_PROJECT_VERSION = 1;
				GENERATE_INFOPLIST_FILE = YES;
				MARKETING_VERSION = 1.0;
				PRODUCT_BUNDLE_IDENTIFIER = SparkMine.StorePalUITests;
				PRODUCT_NAME = "$(TARGET_NAME)";
				STRING_CATALOG_GENERATE_SYMBOLS = NO;
				SWIFT_APPROACHABLE_CONCURRENCY = YES;
				SWIFT_EMIT_LOC_STRINGS = NO;
				SWIFT_UPCOMING_FEATURE_MEMBER_IMPORT_VISIBILITY = YES;
				SWIFT_VERSION = 5.0;
				TARGETED_DEVICE_FAMILY = "1,2";
				TEST_TARGET_NAME = StorePal;
			};
			name = Release;
		};
/* End XCBuildConfiguration section */

/* Begin XCConfigurationList section */
		EF70CC092F76C63B0078DCB9 /* Build configuration list for PBXProject "StorePal" */ = {
			isa = XCConfigurationList;
			buildConfigurations = (
				EF70CC2F2F76C63B0078DCB9 /* Debug */,
				EF70CC302F76C63B0078DCB9 /* Release */,
			);
			defaultConfigurationIsVisible = 0;
			defaultConfigurationName = Release;
		};
		EF70CC312F76C63B0078DCB9 /* Build configuration list for PBXNativeTarget "StorePal" */ = {
			isa = XCConfigurationList;
			buildConfigurations = (
				EF70CC322F76C63B0078DCB9 /* Debug */,
				EF70CC332F76C63B0078DCB9 /* Release */,
			);
			defaultConfigurationIsVisible = 0;
			defaultConfigurationName = Release;
		};
		EF70CC342F76C63B0078DCB9 /* Build configuration list for PBXNativeTarget "StorePalTests" */ = {
			isa = XCConfigurationList;
			buildConfigurations = (
				EF70CC352F76C63B0078DCB9 /* Debug */,
				EF70CC362F76C63B0078DCB9 /* Release */,
			);
			defaultConfigurationIsVisible = 0;
			defaultConfigurationName = Release;
		};
		EF70CC372F76C63B0078DCB9 /* Build configuration list for PBXNativeTarget "StorePalUITests" */ = {
			isa = XCConfigurationList;
			buildConfigurations = (
				EF70CC382F76C63B0078DCB9 /* Debug */,
				EF70CC392F76C63B0078DCB9 /* Release */,
			);
			defaultConfigurationIsVisible = 0;
			defaultConfigurationName = Release;
		};
/* End XCConfigurationList section */
	};
	rootObject = EF70CC062F76C63B0078DCB9 /* Project object */;
}
